{
  "name": "give.takethecity",
  "version": "0.1.0",
  "lockfileVersion": 1,
  "dependencies": {
    "react-sidebar": {
      "version": "2.3.2",
      "resolved": "https://registry.npmjs.org/react-sidebar/-/react-sidebar-2.3.2.tgz",
      "integrity": "sha1-7BQL6opvX6PY6npWR5ZltEz0+c8="
    }
  }
}
